// !$*UTF8*$!
{
	archiveVersion = 1;
	classes = {
	};
	objectVersion = 47;
	objects = {

/* Begin PBXBuildFile section */
		7D704C4B1D4E99F40063A91E /* Reading.swift in Sources */ = {isa = PBXBuildFile; fileRef = 7D704C4A1D4E99F40063A91E /* Reading.swift */; };
		7DADECFB1D4E44AB0015639E /* AppDelegate.swift in Sources */ = {isa = PBXBuildFile; fileRef = 7DADECFA1D4E44AB0015639E /* AppDelegate.swift */; };
		7DADECFD1D4E44AB0015639E /* Assets.xcassets in Resources */ = {isa = PBXBuildFile; fileRef = 7DADECFC1D4E44AB0015639E /* Assets.xcassets */; };
		7DADED001D4E44AB0015639E /* MainMenu.xib in Resources */ = {isa = PBXBuildFile; fileRef = 7DADECFE1D4E44AB0015639E /* MainMenu.xib */; };
		7DADED081D4E46700015639E /* Weight.swift in Sources */ = {isa = PBXBuildFile; fileRef = 7DADED071D4E46700015639E /* Weight.swift */; };
/* End PBXBuildFile section */

/* Begin PBXFileReference section */
		7D704C4A1D4E99F40063A91E /* Reading.swift */ = {isa = PBXFileReference; fileEncoding = 4; lastKnownFileType = sourcecode.swift; path = Reading.swift; sourceTree = "<group>"; };
		7DADECF71D4E44AB0015639E /* My Fatness Pal.app */ = {isa = PBXFileReference; explicitFileType = wrapper.application; includeInIndex = 0; path = "My Fatness Pal.app"; sourceTree = BUILT_PRODUCTS_DIR; };
		7DADECFA1D4E44AB0015639E /* AppDelegate.swift */ = {isa = PBXFileReference; lastKnownFileType = sourcecode.swift; path = AppDelegate.swift; sourceTree = "<group>"; };
		7DADECFC1D4E44AB0015639E /* Assets.xcassets */ = {isa = PBXFileReference; lastKnownFileType = folder.assetcatalog; path = Assets.xcassets; sourceTree = "<group>"; };
		7DADECFF1D4E44AB0015639E /* Base */ = {isa = PBXFileReference; lastKnownFileType = file.xib; name = Base; path = Base.lproj/MainMenu.xib; sourceTree = "<group>"; };
		7DADED011D4E44AB0015639E /* Info.plist */ = {isa = PBXFileReference; lastKnownFileType = text.plist.xml; path = Info.plist; sourceTree = "<group>"; };
		7DADED071D4E46700015639E /* Weight.swift */ = {isa = PBXFileReference; fileEncoding = 4; lastKnownFileType = sourcecode.swift; path = Weight.swift; sourceTree = "<group>"; };
/* End PBXFileReference section */

/* Begin PBXFrameworksBuildPhase section */
		7DADECF41D4E44AB0015639E /* Frameworks */ = {
			isa = PBXFrameworksBuildPhase;
			buildActionMask = 2147483647;
			files = (
			);
			runOnlyForDeploymentPostprocessing = 0;
		};
/* End PBXFrameworksBuildPhase section */

/* Begin PBXGroup section */
		7DADECEE1D4E44AB0015639E = {
			isa = PBXGroup;
			children = (
				7DADECF91D4E44AB0015639E /* My Fatness Pal */,
				7DADECF81D4E44AB0015639E /* Products */,
			);
			sourceTree = "<group>";
		};
		7DADECF81D4E44AB0015639E /* Products */ = {
			isa = PBXGroup;
			children = (
				7DADECF71D4E44AB0015639E /* My Fatness Pal.app */,
			);
			name = Products;
			sourceTree = "<group>";
		};
		7DADECF91D4E44AB0015639E /* My Fatness Pal */ = {
			isa = PBXGroup;
			children = (
				7DADECFA1D4E44AB0015639E /* AppDelegate.swift */,
				7D704C4A1D4E99F40063A91E /* Reading.swift */,
				7DADECFC1D4E44AB0015639E /* Assets.xcassets */,
				7DADECFE1D4E44AB0015639E /* MainMenu.xib */,
				7DADED011D4E44AB0015639E /* Info.plist */,
				7DADED071D4E46700015639E /* Weight.swift */,
			);
			path = "My Fatness Pal";
			sourceTree = "<group>";
		};
/* End PBXGroup section */

/* Begin PBXNativeTarget section */
		7DADECF61D4E44AB0015639E /* My Fatness Pal */ = {
			isa = PBXNativeTarget;
			buildConfigurationList = 7DADED041D4E44AB0015639E /* Build configuration list for PBXNativeTarget "My Fatness Pal" */;
			buildPhases = (
				7DADECF31D4E44AB0015639E /* Sources */,
				7DADECF41D4E44AB0015639E /* Frameworks */,
				7DADECF51D4E44AB0015639E /* Resources */,
			);
			buildRules = (
			);
			dependencies = (
			);
			name = "My Fatness Pal";
			productName = "My Fatness Pal";
			productReference = 7DADECF71D4E44AB0015639E /* My Fatness Pal.app */;
			productType = "com.apple.product-type.application";
		};
/* End PBXNativeTarget section */

/* Begin PBXProject section */
		7DADECEF1D4E44AB0015639E /* Project object */ = {
			isa = PBXProject;
			attributes = {
				LastSwiftUpdateCheck = 0800;
				LastUpgradeCheck = 0800;
				ORGANIZATIONNAME = Borkware;
				TargetAttributes = {
					7DADECF61D4E44AB0015639E = {
						CreatedOnToolsVersion = 8.0;
						DevelopmentTeam = 2HBB3G8HCG;
						DevelopmentTeamName = "Mark Dalrymple";
						ProvisioningStyle = Automatic;
					};
				};
			};
			buildConfigurationList = 7DADECF21D4E44AB0015639E /* Build configuration list for PBXProject "My Fatness Pal" */;
			compatibilityVersion = "Xcode 6.3";
			developmentRegion = English;
			hasScannedForEncodings = 0;
			knownRegions = (
				en,
				Base,
			);
			mainGroup = 7DADECEE1D4E44AB0015639E;
			productRefGroup = 7DADECF81D4E44AB0015639E /* Products */;
			projectDirPath = "";
			projectRoot = "";
			targets = (
				7DADECF61D4E44AB0015639E /* My Fatness Pal */,
			);
		};
/* End PBXProject section */

/* Begin PBXResourcesBuildPhase section */
		7DADECF51D4E44AB0015639E /* Resources */ = {
			isa = PBXResourcesBuildPhase;
			buildActionMask = 2147483647;
			files = (
				7DADECFD1D4E44AB0015639E /* Assets.xcassets in Resources */,
				7DADED001D4E44AB0015639E /* MainMenu.xib in Resources */,
			);
			runOnlyForDeploymentPostprocessing = 0;
		};
/* End PBXResourcesBuildPhase section */

/* Begin PBXSourcesBuildPhase section */
		7DADECF31D4E44AB0015639E /* Sources */ = {
			isa = PBXSourcesBuildPhase;
			buildActionMask = 2147483647;
			files = (
				7DADECFB1D4E44AB0015639E /* AppDelegate.swift in Sources */,
				7DADED081D4E46700015639E /* Weight.swift in Sources */,
				7D704C4B1D4E99F40063A91E /* Reading.swift in Sources */,
			);
			runOnlyForDeploymentPostprocessing = 0;
		};
/* End PBXSourcesBuildPhase section */

/* Begin PBXVariantGroup section */
		7DADECFE1D4E44AB0015639E /* MainMenu.xib */ = {
			isa = PBXVariantGroup;
			children = (
				7DADECFF1D4E44AB0015639E /* Base */,
			);
			name = MainMenu.xib;
			sourceTree = "<group>";
		};
/* End PBXVariantGroup section */

/* Begin XCBuildConfiguration section */
		7DADED021D4E44AB0015639E /* Debug */ = {
			isa = XCBuildConfiguration;
			buildSettings = {
				ALWAYS_SEARCH_USER_PATHS = NO;
				CLANG_ANALYZER_NONNULL = YES;
				CLANG_CXX_LANGUAGE_STANDARD = "gnu++0x";
				CLANG_CXX_LIBRARY = "libc++";
				CLANG_ENABLE_MODULES = YES;
				CLANG_ENABLE_OBJC_ARC = YES;
				CLANG_WARN_BOOL_CONVERSION = YES;
				CLANG_WARN_CONSTANT_CONVERSION = YES;
				CLANG_WARN_DIRECT_OBJC_ISA_USAGE = YES_ERROR;
				CLANG_WARN_DOCUMENTATION_COMMENTS = YES;
				CLANG_WARN_EMPTY_BODY = YES;
				CLANG_WARN_ENUM_CONVERSION = YES;
				CLANG_WARN_INT_CONVERSION = YES;
				CLANG_WARN_OBJC_ROOT_CLASS = YES_ERROR;
				CLANG_WARN_UNREACHABLE_CODE = YES;
				CLANG_WARN__DUPLICATE_METHOD_MATCH = YES;
				CODE_SIGN_IDENTITY = "-";
				COPY_PHASE_STRIP = NO;
				DEBUG_INFORMATION_FORMAT = dwarf;
				ENABLE_STRICT_OBJC_MSGSEND = YES;
				ENABLE_TESTABILITY = YES;
				GCC_C_LANGUAGE_STANDARD = gnu99;
				GCC_DYNAMIC_NO_PIC = NO;
				GCC_NO_COMMON_BLOCKS = YES;
				GCC_OPTIMIZATION_LEVEL = 0;
				GCC_PREPROCESSOR_DEFINITIONS = (
					"DEBUG=1",
					"$(inherited)",
				);
				GCC_WARN_64_TO_32_BIT_CONVERSION = YES;
				GCC_WARN_ABOUT_RETURN_TYPE = YES_ERROR;
				GCC_WARN_UNDECLARED_SELECTOR = YES;
				GCC_WARN_UNINITIALIZED_AUTOS = YES_AGGRESSIVE;
				GCC_WARN_UNUSED_FUNCTION = YES;
				GCC_WARN_UNUSED_VARIABLE = YES;
				MACOSX_DEPLOYMENT_TARGET = 10.11;
				MTL_ENABLE_DEBUG_INFO = YES;
				ONLY_ACTIVE_ARCH = YES;
				SDKROOT = macosx;
				SWIFT_ACTIVE_COMPILATION_CONDITIONS = DEBUG;
				SWIFT_OPTIMIZATION_LEVEL = "-Onone";
			};
			name = Debug;
		};
		7DADED031D4E44AB0015639E /* Release */ = {
			isa = XCBuildConfiguration;
			buildSettings = {
				ALWAYS_SEARCH_USER_PATHS = NO;
				CLANG_ANALYZER_NONNULL = YES;
				CLANG_CXX_LANGUAGE_STANDARD = "gnu++0x";
				CLANG_CXX_LIBRARY = "libc++";
				CLANG_ENABLE_MODULES = YES;
				CLANG_ENABLE_OBJC_ARC = YES;
				CLANG_WARN_BOOL_CONVERSION = YES;
				CLANG_WARN_CONSTANT_CONVERSION = YES;
				CLANG_WARN_DIRECT_OBJC_ISA_USAGE = YES_ERROR;
				CLANG_WARN_DOCUMENTATION_COMMENTS = YES;
				CLANG_WARN_EMPTY_BODY = YES;
				CLANG_WARN_ENUM_CONVERSION = YES;
				CLANG_WARN_INT_CONVERSION = YES;
				CLANG_WARN_OBJC_ROOT_CLASS = YES_ERROR;
				CLANG_WARN_UNREACHABLE_CODE = YES;
				CLANG_WARN__DUPLICATE_METHOD_MATCH = YES;
				CODE_SIGN_IDENTITY = "-";
				COPY_PHASE_STRIP = NO;
				DEBUG_INFORMATION_FORMAT = "dwarf-with-dsym";
				ENABLE_NS_ASSERTIONS = NO;
				ENABLE_STRICT_OBJC_MSGSEND = YES;
				GCC_C_LANGUAGE_STANDARD = gnu99;
				GCC_NO_COMMON_BLOCKS = YES;
				GCC_WARN_64_TO_32_BIT_CONVERSION = YES;
				GCC_WARN_ABOUT_RETURN_TYPE = YES_ERROR;
				GCC_WARN_UNDECLARED_SELECTOR = YES;
				GCC_WARN_UNINITIALIZED_AUTOS = YES_AGGRESSIVE;
				GCC_WARN_UNUSED_FUNCTION = YES;
				GCC_WARN_UNUSED_VARIABLE = YES;
				MACOSX_DEPLOYMENT_TARGET = 10.11;
				MTL_ENABLE_DEBUG_INFO = NO;
				SDKROOT = macosx;
				SWIFT_OPTIMIZATION_LEVEL = "-Owholemodule";
			};
			name = Release;
		};
		7DADED051D4E44AB0015639E /* Debug */ = {
			isa = XCBuildConfiguration;
			buildSettings = {
				ASSETCATALOG_COMPILER_APPICON_NAME = AppIcon;
				COMBINE_HIDPI_IMAGES = YES;
				INFOPLIST_FILE = "My Fatness Pal/Info.plist";
				LD_RUNPATH_SEARCH_PATHS = "$(inherited) @executable_path/../Frameworks";
				PRODUCT_BUNDLE_IDENTIFIER = "com.borkware.My-Fatness-Pal";
				PRODUCT_NAME = "$(TARGET_NAME)";
				SWIFT_VERSION = 3.0;
			};
			name = Debug;
		};
		7DADED061D4E44AB0015639E /* Release */ = {
			isa = XCBuildConfiguration;
			buildSettings = {
				ASSETCATALOG_COMPILER_APPICON_NAME = AppIcon;
				COMBINE_HIDPI_IMAGES = YES;
				INFOPLIST_FILE = "My Fatness Pal/Info.plist";
				LD_RUNPATH_SEARCH_PATHS = "$(inherited) @executable_path/../Frameworks";
				PRODUCT_BUNDLE_IDENTIFIER = "com.borkware.My-Fatness-Pal";
				PRODUCT_NAME = "$(TARGET_NAME)";
				SWIFT_VERSION = 3.0;
			};
			name = Release;
		};
/* End XCBuildConfiguration section */

/* Begin XCConfigurationList section */
		7DADECF21D4E44AB0015639E /* Build configuration list for PBXProject "My Fatness Pal" */ = {
			isa = XCConfigurationList;
			buildConfigurations = (
				7DADED021D4E44AB0015639E /* Debug */,
				7DADED031D4E44AB0015639E /* Release */,
			);
			defaultConfigurationIsVisible = 0;
			defaultConfigurationName = Release;
		};
		7DADED041D4E44AB0015639E /* Build configuration list for PBXNativeTarget "My Fatness Pal" */ = {
			isa = XCConfigurationList;
			buildConfigurations = (
				7DADED051D4E44AB0015639E /* Debug */,
				7DADED061D4E44AB0015639E /* Release */,
			);
			defaultConfigurationIsVisible = 0;
			defaultConfigurationName = Release;
		};
/* End XCConfigurationList section */
	};
	rootObject = 7DADECEF1D4E44AB0015639E /* Project object */;
}
